
Microsoft Visual Studio Solution File, Format Version 12.00
# Visual Studio Version 17
VisualStudioVersion = 17.7.34024.191
MinimumVisualStudioVersion = 10.0.40219.1
Project("{FAE04EC0-301F-11D3-BF4B-00C04F79EFBC}") = "Lab3_2", "Lab3_2.csproj", "{C7067B5A-61CA-4D55-A54A-0A501E12D55A}"
EndProject
Global
	GlobalSection(SolutionConfigurationPlatforms) = preSolution
		Debug|Any CPU = Debug|Any CPU
		Release|Any CPU = Release|Any CPU
	EndGlobalSection
	GlobalSection(ProjectConfigurationPlatforms) = postSolution
		{C7067B5A-61CA-4D55-A54A-0A501E12D55A}.Debug|Any CPU.ActiveCfg = Debug|Any CPU
		{C7067B5A-61CA-4D55-A54A-0A501E12D55A}.Debug|Any CPU.Build.0 = Debug|Any CPU
		{C7067B5A-61CA-4D55-A54A-0A501E12D55A}.Release|Any CPU.ActiveCfg = Release|Any CPU
		{C7067B5A-61CA-4D55-A54A-0A501E12D55A}.Release|Any CPU.Build.0 = Release|Any CPU
	EndGlobalSection
	GlobalSection(SolutionProperties) = preSolution
		HideSolutionNode = FALSE
	EndGlobalSection
	GlobalSection(ExtensibilityGlobals) = postSolution
		SolutionGuid = {F4F0D702-6AC8-4860-A5DE-293CB585CDC2}
	EndGlobalSection
EndGlobal
